
Microsoft Visual Studio Solution File, Format Version 12.00
# Visual Studio Version 17
VisualStudioVersion = 17.11.35222.181
MinimumVisualStudioVersion = 10.0.40219.1
Project("{FAE04EC0-301F-11D3-BF4B-00C04F79EFBC}") = "WpfApp1", "WpfApp1\WpfApp1.csproj", "{CBB7BAC9-E934-4E26-A471-4F92C411DB05}"
EndProject
Global
	GlobalSection(SolutionConfigurationPlatforms) = preSolution
		Debug|Any CPU = Debug|Any CPU
		Release|Any CPU = Release|Any CPU
	EndGlobalSection
	GlobalSection(ProjectConfigurationPlatforms) = postSolution
		{CBB7BAC9-E934-4E26-A471-4F92C411DB05}.Debug|Any CPU.ActiveCfg = Debug|Any CPU
		{CBB7BAC9-E934-4E26-A471-4F92C411DB05}.Debug|Any CPU.Build.0 = Debug|Any CPU
		{CBB7BAC9-E934-4E26-A471-4F92C411DB05}.Release|Any CPU.ActiveCfg = Release|Any CPU
		{CBB7BAC9-E934-4E26-A471-4F92C411DB05}.Release|Any CPU.Build.0 = Release|Any CPU
	EndGlobalSection
	GlobalSection(SolutionProperties) = preSolution
		HideSolutionNode = FALSE
	EndGlobalSection
	GlobalSection(ExtensibilityGlobals) = postSolution
		SolutionGuid = {F500E138-7C31-428A-99E3-7D9C9D07109D}
	EndGlobalSection
EndGlobal
